// !$*UTF8*$!
{
	archiveVersion = 1;
	classes = {
	};
	objectVersion = 46;
	objects = {

/* Begin PBXBuildFile section */
		FE7457FE1E39359C00B1A0A3 /* AppDelegate.swift in Sources */ = {isa = PBXBuildFile; fileRef = FE7457FD1E39359C00B1A0A3 /* AppDelegate.swift */; };
		FE7458001E39359C00B1A0A3 /* GameScene.sks in Resources */ = {isa = PBXBuildFile; fileRef = FE7457FF1E39359C00B1A0A3 /* GameScene.sks */; };
		FE7458021E39359C00B1A0A3 /* Actions.sks in Resources */ = {isa = PBXBuildFile; fileRef = FE7458011E39359C00B1A0A3 /* Actions.sks */; };
		FE7458041E39359C00B1A0A3 /* GameScene.swift in Sources */ = {isa = PBXBuildFile; fileRef = FE7458031E39359C00B1A0A3 /* GameScene.swift */; };
		FE7458061E39359C00B1A0A3 /* GameViewController.swift in Sources */ = {isa = PBXBuildFile; fileRef = FE7458051E39359C00B1A0A3 /* GameViewController.swift */; };
		FE7458091E39359C00B1A0A3 /* Main.storyboard in Resources */ = {isa = PBXBuildFile; fileRef = FE7458071E39359C00B1A0A3 /* Main.storyboard */; };
		FE74580B1E39359C00B1A0A3 /* Assets.xcassets in Resources */ = {isa = PBXBuildFile; fileRef = FE74580A1E39359C00B1A0A3 /* Assets.xcassets */; };
		FE74580E1E39359C00B1A0A3 /* LaunchScreen.storyboard in Resources */ = {isa = PBXBuildFile; fileRef = FE74580C1E39359C00B1A0A3 /* LaunchScreen.storyboard */; };
/* End PBXBuildFile section */

/* Begin PBXFileReference section */
		FE7457FA1E39359C00B1A0A3 /* SpriteKitSimpleGame.app */ = {isa = PBXFileReference; explicitFileType = wrapper.application; includeInIndex = 0; path = SpriteKitSimpleGame.app; sourceTree = BUILT_PRODUCTS_DIR; };
		FE7457FD1E39359C00B1A0A3 /* AppDelegate.swift */ = {isa = PBXFileReference; lastKnownFileType = sourcecode.swift; path = AppDelegate.swift; sourceTree = "<group>"; };
		FE7457FF1E39359C00B1A0A3 /* GameScene.sks */ = {isa = PBXFileReference; lastKnownFileType = file.sks; path = GameScene.sks; sourceTree = "<group>"; };
		FE7458011E39359C00B1A0A3 /* Actions.sks */ = {isa = PBXFileReference; lastKnownFileType = file.sks; path = Actions.sks; sourceTree = "<group>"; };
		FE7458031E39359C00B1A0A3 /* GameScene.swift */ = {isa = PBXFileReference; lastKnownFileType = sourcecode.swift; path = GameScene.swift; sourceTree = "<group>"; };
		FE7458051E39359C00B1A0A3 /* GameViewController.swift */ = {isa = PBXFileReference; lastKnownFileType = sourcecode.swift; path = GameViewController.swift; sourceTree = "<group>"; };
		FE7458081E39359C00B1A0A3 /* Base */ = {isa = PBXFileReference; lastKnownFileType = file.storyboard; name = Base; path = Base.lproj/Main.storyboard; sourceTree = "<group>"; };
		FE74580A1E39359C00B1A0A3 /* Assets.xcassets */ = {isa = PBXFileReference; lastKnownFileType = folder.assetcatalog; path = Assets.xcassets; sourceTree = "<group>"; };
		FE74580D1E39359C00B1A0A3 /* Base */ = {isa = PBXFileReference; lastKnownFileType = file.storyboard; name = Base; path = Base.lproj/LaunchScreen.storyboard; sourceTree = "<group>"; };
		FE74580F1E39359C00B1A0A3 /* Info.plist */ = {isa = PBXFileReference; lastKnownFileType = text.plist.xml; path = Info.plist; sourceTree = "<group>"; };
/* End PBXFileReference section */

/* Begin PBXFrameworksBuildPhase section */
		FE7457F71E39359C00B1A0A3 /* Frameworks */ = {
			isa = PBXFrameworksBuildPhase;
			buildActionMask = 2147483647;
			files = (
			);
			runOnlyForDeploymentPostprocessing = 0;
		};
/* End PBXFrameworksBuildPhase section */

/* Begin PBXGroup section */
		FE7457F11E39359B00B1A0A3 = {
			isa = PBXGroup;
			children = (
				FE7457FC1E39359C00B1A0A3 /* SpriteKitSimpleGame */,
				FE7457FB1E39359C00B1A0A3 /* Products */,
			);
			sourceTree = "<group>";
		};
		FE7457FB1E39359C00B1A0A3 /* Products */ = {
			isa = PBXGroup;
			children = (
				FE7457FA1E39359C00B1A0A3 /* SpriteKitSimpleGame.app */,
			);
			name = Products;
			sourceTree = "<group>";
		};
		FE7457FC1E39359C00B1A0A3 /* SpriteKitSimpleGame */ = {
			isa = PBXGroup;
			children = (
				FE7457FD1E39359C00B1A0A3 /* AppDelegate.swift */,
				FE7457FF1E39359C00B1A0A3 /* GameScene.sks */,
				FE7458011E39359C00B1A0A3 /* Actions.sks */,
				FE7458031E39359C00B1A0A3 /* GameScene.swift */,
				FE7458051E39359C00B1A0A3 /* GameViewController.swift */,
				FE7458071E39359C00B1A0A3 /* Main.storyboard */,
				FE74580A1E39359C00B1A0A3 /* Assets.xcassets */,
				FE74580C1E39359C00B1A0A3 /* LaunchScreen.storyboard */,
				FE74580F1E39359C00B1A0A3 /* Info.plist */,
			);
			path = SpriteKitSimpleGame;
			sourceTree = "<group>";
		};
/* End PBXGroup section */

/* Begin PBXNativeTarget section */
		FE7457F91E39359C00B1A0A3 /* SpriteKitSimpleGame */ = {
			isa = PBXNativeTarget;
			buildConfigurationList = FE7458121E39359C00B1A0A3 /* Build configuration list for PBXNativeTarget "SpriteKitSimpleGame" */;
			buildPhases = (
				FE7457F61E39359C00B1A0A3 /* Sources */,
				FE7457F71E39359C00B1A0A3 /* Frameworks */,
				FE7457F81E39359C00B1A0A3 /* Resources */,
			);
			buildRules = (
			);
			dependencies = (
			);
			name = SpriteKitSimpleGame;
			productName = SpriteKitSimpleGame;
			productReference = FE7457FA1E39359C00B1A0A3 /* SpriteKitSimpleGame.app */;
			productType = "com.apple.product-type.application";
		};
/* End PBXNativeTarget section */

/* Begin PBXProject section */
		FE7457F21E39359B00B1A0A3 /* Project object */ = {
			isa = PBXProject;
			attributes = {
				LastSwiftUpdateCheck = 0820;
				LastUpgradeCheck = 0820;
				ORGANIZATIONNAME = Petorius;
				TargetAttributes = {
					FE7457F91E39359C00B1A0A3 = {
						CreatedOnToolsVersion = 8.2.1;
						DevelopmentTeam = B6CBGG5TJL;
						ProvisioningStyle = Automatic;
					};
				};
			};
			buildConfigurationList = FE7457F51E39359B00B1A0A3 /* Build configuration list for PBXProject "SpriteKitSimpleGame" */;
			compatibilityVersion = "Xcode 3.2";
			developmentRegion = English;
			hasScannedForEncodings = 0;
			knownRegions = (
				en,
				Base,
			);
			mainGroup = FE7457F11E39359B00B1A0A3;
			productRefGroup = FE7457FB1E39359C00B1A0A3 /* Products */;
			projectDirPath = "";
			projectRoot = "";
			targets = (
				FE7457F91E39359C00B1A0A3 /* SpriteKitSimpleGame */,
			);
		};
/* End PBXProject section */

/* Begin PBXResourcesBuildPhase section */
		FE7457F81E39359C00B1A0A3 /* Resources */ = {
			isa = PBXResourcesBuildPhase;
			buildActionMask = 2147483647;
			files = (
				FE7458091E39359C00B1A0A3 /* Main.storyboard in Resources */,
				FE7458001E39359C00B1A0A3 /* GameScene.sks in Resources */,
				FE74580B1E39359C00B1A0A3 /* Assets.xcassets in Resources */,
				FE74580E1E39359C00B1A0A3 /* LaunchScreen.storyboard in Resources */,
				FE7458021E39359C00B1A0A3 /* Actions.sks in Resources */,
			);
			runOnlyForDeploymentPostprocessing = 0;
		};
/* End PBXResourcesBuildPhase section */

/* Begin PBXSourcesBuildPhase section */
		FE7457F61E39359C00B1A0A3 /* Sources */ = {
			isa = PBXSourcesBuildPhase;
			buildActionMask = 2147483647;
			files = (
				FE7458041E39359C00B1A0A3 /* GameScene.swift in Sources */,
				FE7458061E39359C00B1A0A3 /* GameViewController.swift in Sources */,
				FE7457FE1E39359C00B1A0A3 /* AppDelegate.swift in Sources */,
			);
			runOnlyForDeploymentPostprocessing = 0;
		};
/* End PBXSourcesBuildPhase section */

/* Begin PBXVariantGroup section */
		FE7458071E39359C00B1A0A3 /* Main.storyboard */ = {
			isa = PBXVariantGroup;
			children = (
				FE7458081E39359C00B1A0A3 /* Base */,
			);
			name = Main.storyboard;
			sourceTree = "<group>";
		};
		FE74580C1E39359C00B1A0A3 /* LaunchScreen.storyboard */ = {
			isa = PBXVariantGroup;
			children = (
				FE74580D1E39359C00B1A0A3 /* Base */,
			);
			name = LaunchScreen.storyboard;
			sourceTree = "<group>";
		};
/* End PBXVariantGroup section */

/* Begin XCBuildConfiguration section */
		FE7458101E39359C00B1A0A3 /* Debug */ = {
			isa = XCBuildConfiguration;
			buildSettings = {
				ALWAYS_SEARCH_USER_PATHS = NO;
				CLANG_ANALYZER_NONNULL = YES;
				CLANG_CXX_LANGUAGE_STANDARD = "gnu++0x";
				CLANG_CXX_LIBRARY = "libc++";
				CLANG_ENABLE_MODULES = YES;
				CLANG_ENABLE_OBJC_ARC = YES;
				CLANG_WARN_BOOL_CONVERSION = YES;
				CLANG_WARN_CONSTANT_CONVERSION = YES;
				CLANG_WARN_DIRECT_OBJC_ISA_USAGE = YES_ERROR;
				CLANG_WARN_DOCUMENTATION_COMMENTS = YES;
				CLANG_WARN_EMPTY_BODY = YES;
				CLANG_WARN_ENUM_CONVERSION = YES;
				CLANG_WARN_INFINITE_RECURSION = YES;
				CLANG_WARN_INT_CONVERSION = YES;
				CLANG_WARN_OBJC_ROOT_CLASS = YES_ERROR;
				CLANG_WARN_SUSPICIOUS_MOVE = YES;
				CLANG_WARN_UNREACHABLE_CODE = YES;
				CLANG_WARN__DUPLICATE_METHOD_MATCH = YES;
				"CODE_SIGN_IDENTITY[sdk=iphoneos*]" = "iPhone Developer";
				COPY_PHASE_STRIP = NO;
				DEBUG_INFORMATION_FORMAT = dwarf;
				ENABLE_STRICT_OBJC_MSGSEND = YES;
				ENABLE_TESTABILITY = YES;
				GCC_C_LANGUAGE_STANDARD = gnu99;
				GCC_DYNAMIC_NO_PIC = NO;
				GCC_NO_COMMON_BLOCKS = YES;
				GCC_OPTIMIZATION_LEVEL = 0;
				GCC_PREPROCESSOR_DEFINITIONS = (
					"DEBUG=1",
					"$(inherited)",
				);
				GCC_WARN_64_TO_32_BIT_CONVERSION = YES;
				GCC_WARN_ABOUT_RETURN_TYPE = YES_ERROR;
				GCC_WARN_UNDECLARED_SELECTOR = YES;
				GCC_WARN_UNINITIALIZED_AUTOS = YES_AGGRESSIVE;
				GCC_WARN_UNUSED_FUNCTION = YES;
				GCC_WARN_UNUSED_VARIABLE = YES;
				IPHONEOS_DEPLOYMENT_TARGET = 10.2;
				MTL_ENABLE_DEBUG_INFO = YES;
				ONLY_ACTIVE_ARCH = YES;
				SDKROOT = iphoneos;
				SWIFT_ACTIVE_COMPILATION_CONDITIONS = DEBUG;
				SWIFT_OPTIMIZATION_LEVEL = "-Onone";
			};
			name = Debug;
		};
		FE7458111E39359C00B1A0A3 /* Release */ = {
			isa = XCBuildConfiguration;
			buildSettings = {
				ALWAYS_SEARCH_USER_PATHS = NO;
				CLANG_ANALYZER_NONNULL = YES;
				CLANG_CXX_LANGUAGE_STANDARD = "gnu++0x";
				CLANG_CXX_LIBRARY = "libc++";
				CLANG_ENABLE_MODULES = YES;
				CLANG_ENABLE_OBJC_ARC = YES;
				CLANG_WARN_BOOL_CONVERSION = YES;
				CLANG_WARN_CONSTANT_CONVERSION = YES;
				CLANG_WARN_DIRECT_OBJC_ISA_USAGE = YES_ERROR;
				CLANG_WARN_DOCUMENTATION_COMMENTS = YES;
				CLANG_WARN_EMPTY_BODY = YES;
				CLANG_WARN_ENUM_CONVERSION = YES;
				CLANG_WARN_INFINITE_RECURSION = YES;
				CLANG_WARN_INT_CONVERSION = YES;
				CLANG_WARN_OBJC_ROOT_CLASS = YES_ERROR;
				CLANG_WARN_SUSPICIOUS_MOVE = YES;
				CLANG_WARN_UNREACHABLE_CODE = YES;
				CLANG_WARN__DUPLICATE_METHOD_MATCH = YES;
				"CODE_SIGN_IDENTITY[sdk=iphoneos*]" = "iPhone Developer";
				COPY_PHASE_STRIP = NO;
				DEBUG_INFORMATION_FORMAT = "dwarf-with-dsym";
				ENABLE_NS_ASSERTIONS = NO;
				ENABLE_STRICT_OBJC_MSGSEND = YES;
				GCC_C_LANGUAGE_STANDARD = gnu99;
				GCC_NO_COMMON_BLOCKS = YES;
				GCC_WARN_64_TO_32_BIT_CONVERSION = YES;
				GCC_WARN_ABOUT_RETURN_TYPE = YES_ERROR;
				GCC_WARN_UNDECLARED_SELECTOR = YES;
				GCC_WARN_UNINITIALIZED_AUTOS = YES_AGGRESSIVE;
				GCC_WARN_UNUSED_FUNCTION = YES;
				GCC_WARN_UNUSED_VARIABLE = YES;
				IPHONEOS_DEPLOYMENT_TARGET = 10.2;
				MTL_ENABLE_DEBUG_INFO = NO;
				SDKROOT = iphoneos;
				SWIFT_OPTIMIZATION_LEVEL = "-Owholemodule";
				VALIDATE_PRODUCT = YES;
			};
			name = Release;
		};
		FE7458131E39359C00B1A0A3 /* Debug */ = {
			isa = XCBuildConfiguration;
			buildSettings = {
				ASSETCATALOG_COMPILER_APPICON_NAME = AppIcon;
				DEVELOPMENT_TEAM = B6CBGG5TJL;
				INFOPLIST_FILE = SpriteKitSimpleGame/Info.plist;
				LD_RUNPATH_SEARCH_PATHS = "$(inherited) @executable_path/Frameworks";
				PRODUCT_BUNDLE_IDENTIFIER = com.petorius.SpriteKitSimpleGame;
				PRODUCT_NAME = "$(TARGET_NAME)";
				SWIFT_VERSION = 3.0;
			};
			name = Debug;
		};
		FE7458141E39359C00B1A0A3 /* Release */ = {
			isa = XCBuildConfiguration;
			buildSettings = {
				ASSETCATALOG_COMPILER_APPICON_NAME = AppIcon;
				DEVELOPMENT_TEAM = B6CBGG5TJL;
				INFOPLIST_FILE = SpriteKitSimpleGame/Info.plist;
				LD_RUNPATH_SEARCH_PATHS = "$(inherited) @executable_path/Frameworks";
				PRODUCT_BUNDLE_IDENTIFIER = com.petorius.SpriteKitSimpleGame;
				PRODUCT_NAME = "$(TARGET_NAME)";
				SWIFT_VERSION = 3.0;
			};
			name = Release;
		};
/* End XCBuildConfiguration section */

/* Begin XCConfigurationList section */
		FE7457F51E39359B00B1A0A3 /* Build configuration list for PBXProject "SpriteKitSimpleGame" */ = {
			isa = XCConfigurationList;
			buildConfigurations = (
				FE7458101E39359C00B1A0A3 /* Debug */,
				FE7458111E39359C00B1A0A3 /* Release */,
			);
			defaultConfigurationIsVisible = 0;
			defaultConfigurationName = Release;
		};
		FE7458121E39359C00B1A0A3 /* Build configuration list for PBXNativeTarget "SpriteKitSimpleGame" */ = {
			isa = XCConfigurationList;
			buildConfigurations = (
				FE7458131E39359C00B1A0A3 /* Debug */,
				FE7458141E39359C00B1A0A3 /* Release */,
			);
			defaultConfigurationIsVisible = 0;
		};
/* End XCConfigurationList section */
	};
	rootObject = FE7457F21E39359B00B1A0A3 /* Project object */;
}
